
Microsoft Visual Studio Solution File, Format Version 12.00
# Visual Studio Version 16
VisualStudioVersion = 16.0.30011.22
MinimumVisualStudioVersion = 10.0.40219.1
Project("{FAE04EC0-301F-11D3-BF4B-00C04F79EFBC}") = "Retro RPG", "Retro RPG\Retro RPG.csproj", "{5AAAC555-5437-42C3-8220-87173E07EDAE}"
EndProject
Global
	GlobalSection(SolutionConfigurationPlatforms) = preSolution
		Debug|Any CPU = Debug|Any CPU
		Release|Any CPU = Release|Any CPU
	EndGlobalSection
	GlobalSection(ProjectConfigurationPlatforms) = postSolution
		{5AAAC555-5437-42C3-8220-87173E07EDAE}.Debug|Any CPU.ActiveCfg = Debug|Any CPU
		{5AAAC555-5437-42C3-8220-87173E07EDAE}.Debug|Any CPU.Build.0 = Debug|Any CPU
		{5AAAC555-5437-42C3-8220-87173E07EDAE}.Release|Any CPU.ActiveCfg = Release|Any CPU
		{5AAAC555-5437-42C3-8220-87173E07EDAE}.Release|Any CPU.Build.0 = Release|Any CPU
	EndGlobalSection
	GlobalSection(SolutionProperties) = preSolution
		HideSolutionNode = FALSE
	EndGlobalSection
	GlobalSection(ExtensibilityGlobals) = postSolution
		SolutionGuid = {462560B2-DEF0-4EA0-9E5F-D83A36C81CC9}
	EndGlobalSection
EndGlobal
